// !$*UTF8*$!
{
	archiveVersion = 1;
	classes = {
	};
	objectVersion = 46;
	objects = {

/* Begin PBXBuildFile section */
		4DE41E901E725E55004BC5BC /* AppDelegate.swift in Sources */ = {isa = PBXBuildFile; fileRef = 4DE41E8F1E725E55004BC5BC /* AppDelegate.swift */; };
		4DE41E921E725E55004BC5BC /* ViewController.swift in Sources */ = {isa = PBXBuildFile; fileRef = 4DE41E911E725E55004BC5BC /* ViewController.swift */; };
		4DE41E951E725E55004BC5BC /* Main.storyboard in Resources */ = {isa = PBXBuildFile; fileRef = 4DE41E931E725E55004BC5BC /* Main.storyboard */; };
		4DE41E971E725E55004BC5BC /* Assets.xcassets in Resources */ = {isa = PBXBuildFile; fileRef = 4DE41E961E725E55004BC5BC /* Assets.xcassets */; };
		4DE41E9A1E725E55004BC5BC /* LaunchScreen.storyboard in Resources */ = {isa = PBXBuildFile; fileRef = 4DE41E981E725E55004BC5BC /* LaunchScreen.storyboard */; };
/* End PBXBuildFile section */

/* Begin PBXFileReference section */
		4DE41E8C1E725E55004BC5BC /* Simple Navigation.app */ = {isa = PBXFileReference; explicitFileType = wrapper.application; includeInIndex = 0; path = "Simple Navigation.app"; sourceTree = BUILT_PRODUCTS_DIR; };
		4DE41E8F1E725E55004BC5BC /* AppDelegate.swift */ = {isa = PBXFileReference; lastKnownFileType = sourcecode.swift; path = AppDelegate.swift; sourceTree = "<group>"; };
		4DE41E911E725E55004BC5BC /* ViewController.swift */ = {isa = PBXFileReference; lastKnownFileType = sourcecode.swift; path = ViewController.swift; sourceTree = "<group>"; };
		4DE41E941E725E55004BC5BC /* Base */ = {isa = PBXFileReference; lastKnownFileType = file.storyboard; name = Base; path = Base.lproj/Main.storyboard; sourceTree = "<group>"; };
		4DE41E961E725E55004BC5BC /* Assets.xcassets */ = {isa = PBXFileReference; lastKnownFileType = folder.assetcatalog; path = Assets.xcassets; sourceTree = "<group>"; };
		4DE41E991E725E55004BC5BC /* Base */ = {isa = PBXFileReference; lastKnownFileType = file.storyboard; name = Base; path = Base.lproj/LaunchScreen.storyboard; sourceTree = "<group>"; };
		4DE41E9B1E725E55004BC5BC /* Info.plist */ = {isa = PBXFileReference; lastKnownFileType = text.plist.xml; path = Info.plist; sourceTree = "<group>"; };
/* End PBXFileReference section */

/* Begin PBXFrameworksBuildPhase section */
		4DE41E891E725E55004BC5BC /* Frameworks */ = {
			isa = PBXFrameworksBuildPhase;
			buildActionMask = 2147483647;
			files = (
			);
			runOnlyForDeploymentPostprocessing = 0;
		};
/* End PBXFrameworksBuildPhase section */

/* Begin PBXGroup section */
		4DE41E831E725E55004BC5BC = {
			isa = PBXGroup;
			children = (
				4DE41E8E1E725E55004BC5BC /* Simple Navigation */,
				4DE41E8D1E725E55004BC5BC /* Products */,
			);
			sourceTree = "<group>";
		};
		4DE41E8D1E725E55004BC5BC /* Products */ = {
			isa = PBXGroup;
			children = (
				4DE41E8C1E725E55004BC5BC /* Simple Navigation.app */,
			);
			name = Products;
			sourceTree = "<group>";
		};
		4DE41E8E1E725E55004BC5BC /* Simple Navigation */ = {
			isa = PBXGroup;
			children = (
				4DE41E8F1E725E55004BC5BC /* AppDelegate.swift */,
				4DE41E911E725E55004BC5BC /* ViewController.swift */,
				4DE41E931E725E55004BC5BC /* Main.storyboard */,
				4DE41E961E725E55004BC5BC /* Assets.xcassets */,
				4DE41E981E725E55004BC5BC /* LaunchScreen.storyboard */,
				4DE41E9B1E725E55004BC5BC /* Info.plist */,
			);
			path = "Simple Navigation";
			sourceTree = "<group>";
		};
/* End PBXGroup section */

/* Begin PBXNativeTarget section */
		4DE41E8B1E725E55004BC5BC /* Simple Navigation */ = {
			isa = PBXNativeTarget;
			buildConfigurationList = 4DE41E9E1E725E55004BC5BC /* Build configuration list for PBXNativeTarget "Simple Navigation" */;
			buildPhases = (
				4DE41E881E725E55004BC5BC /* Sources */,
				4DE41E891E725E55004BC5BC /* Frameworks */,
				4DE41E8A1E725E55004BC5BC /* Resources */,
			);
			buildRules = (
			);
			dependencies = (
			);
			name = "Simple Navigation";
			productName = "Simple Navigation";
			productReference = 4DE41E8C1E725E55004BC5BC /* Simple Navigation.app */;
			productType = "com.apple.product-type.application";
		};
/* End PBXNativeTarget section */

/* Begin PBXProject section */
		4DE41E841E725E55004BC5BC /* Project object */ = {
			isa = PBXProject;
			attributes = {
				LastSwiftUpdateCheck = 0820;
				LastUpgradeCheck = 0820;
				ORGANIZATIONNAME = "Jason Schatz";
				TargetAttributes = {
					4DE41E8B1E725E55004BC5BC = {
						CreatedOnToolsVersion = 8.2.1;
						ProvisioningStyle = Automatic;
					};
				};
			};
			buildConfigurationList = 4DE41E871E725E55004BC5BC /* Build configuration list for PBXProject "Simple Navigation" */;
			compatibilityVersion = "Xcode 3.2";
			developmentRegion = English;
			hasScannedForEncodings = 0;
			knownRegions = (
				en,
				Base,
			);
			mainGroup = 4DE41E831E725E55004BC5BC;
			productRefGroup = 4DE41E8D1E725E55004BC5BC /* Products */;
			projectDirPath = "";
			projectRoot = "";
			targets = (
				4DE41E8B1E725E55004BC5BC /* Simple Navigation */,
			);
		};
/* End PBXProject section */

/* Begin PBXResourcesBuildPhase section */
		4DE41E8A1E725E55004BC5BC /* Resources */ = {
			isa = PBXResourcesBuildPhase;
			buildActionMask = 2147483647;
			files = (
				4DE41E9A1E725E55004BC5BC /* LaunchScreen.storyboard in Resources */,
				4DE41E971E725E55004BC5BC /* Assets.xcassets in Resources */,
				4DE41E951E725E55004BC5BC /* Main.storyboard in Resources */,
			);
			runOnlyForDeploymentPostprocessing = 0;
		};
/* End PBXResourcesBuildPhase section */

/* Begin PBXSourcesBuildPhase section */
		4DE41E881E725E55004BC5BC /* Sources */ = {
			isa = PBXSourcesBuildPhase;
			buildActionMask = 2147483647;
			files = (
				4DE41E921E725E55004BC5BC /* ViewController.swift in Sources */,
				4DE41E901E725E55004BC5BC /* AppDelegate.swift in Sources */,
			);
			runOnlyForDeploymentPostprocessing = 0;
		};
/* End PBXSourcesBuildPhase section */

/* Begin PBXVariantGroup section */
		4DE41E931E725E55004BC5BC /* Main.storyboard */ = {
			isa = PBXVariantGroup;
			children = (
				4DE41E941E725E55004BC5BC /* Base */,
			);
			name = Main.storyboard;
			sourceTree = "<group>";
		};
		4DE41E981E725E55004BC5BC /* LaunchScreen.storyboard */ = {
			isa = PBXVariantGroup;
			children = (
				4DE41E991E725E55004BC5BC /* Base */,
			);
			name = LaunchScreen.storyboard;
			sourceTree = "<group>";
		};
/* End PBXVariantGroup section */

/* Begin XCBuildConfiguration section */
		4DE41E9C1E725E55004BC5BC /* Debug */ = {
			isa = XCBuildConfiguration;
			buildSettings = {
				ALWAYS_SEARCH_USER_PATHS = NO;
				CLANG_ANALYZER_NONNULL = YES;
				CLANG_CXX_LANGUAGE_STANDARD = "gnu++0x";
				CLANG_CXX_LIBRARY = "libc++";
				CLANG_ENABLE_MODULES = YES;
				CLANG_ENABLE_OBJC_ARC = YES;
				CLANG_WARN_BOOL_CONVERSION = YES;
				CLANG_WARN_CONSTANT_CONVERSION = YES;
				CLANG_WARN_DIRECT_OBJC_ISA_USAGE = YES_ERROR;
				CLANG_WARN_DOCUMENTATION_COMMENTS = YES;
				CLANG_WARN_EMPTY_BODY = YES;
				CLANG_WARN_ENUM_CONVERSION = YES;
				CLANG_WARN_INFINITE_RECURSION = YES;
				CLANG_WARN_INT_CONVERSION = YES;
				CLANG_WARN_OBJC_ROOT_CLASS = YES_ERROR;
				CLANG_WARN_SUSPICIOUS_MOVE = YES;
				CLANG_WARN_UNREACHABLE_CODE = YES;
				CLANG_WARN__DUPLICATE_METHOD_MATCH = YES;
				"CODE_SIGN_IDENTITY[sdk=iphoneos*]" = "iPhone Developer";
				COPY_PHASE_STRIP = NO;
				DEBUG_INFORMATION_FORMAT = dwarf;
				ENABLE_STRICT_OBJC_MSGSEND = YES;
				ENABLE_TESTABILITY = YES;
				GCC_C_LANGUAGE_STANDARD = gnu99;
				GCC_DYNAMIC_NO_PIC = NO;
				GCC_NO_COMMON_BLOCKS = YES;
				GCC_OPTIMIZATION_LEVEL = 0;
				GCC_PREPROCESSOR_DEFINITIONS = (
					"DEBUG=1",
					"$(inherited)",
				);
				GCC_WARN_64_TO_32_BIT_CONVERSION = YES;
				GCC_WARN_ABOUT_RETURN_TYPE = YES_ERROR;
				GCC_WARN_UNDECLARED_SELECTOR = YES;
				GCC_WARN_UNINITIALIZED_AUTOS = YES_AGGRESSIVE;
				GCC_WARN_UNUSED_FUNCTION = YES;
				GCC_WARN_UNUSED_VARIABLE = YES;
				IPHONEOS_DEPLOYMENT_TARGET = 10.2;
				MTL_ENABLE_DEBUG_INFO = YES;
				ONLY_ACTIVE_ARCH = YES;
				SDKROOT = iphoneos;
				SWIFT_ACTIVE_COMPILATION_CONDITIONS = DEBUG;
				SWIFT_OPTIMIZATION_LEVEL = "-Onone";
				TARGETED_DEVICE_FAMILY = "1,2";
			};
			name = Debug;
		};
		4DE41E9D1E725E55004BC5BC /* Release */ = {
			isa = XCBuildConfiguration;
			buildSettings = {
				ALWAYS_SEARCH_USER_PATHS = NO;
				CLANG_ANALYZER_NONNULL = YES;
				CLANG_CXX_LANGUAGE_STANDARD = "gnu++0x";
				CLANG_CXX_LIBRARY = "libc++";
				CLANG_ENABLE_MODULES = YES;
				CLANG_ENABLE_OBJC_ARC = YES;
				CLANG_WARN_BOOL_CONVERSION = YES;
				CLANG_WARN_CONSTANT_CONVERSION = YES;
				CLANG_WARN_DIRECT_OBJC_ISA_USAGE = YES_ERROR;
				CLANG_WARN_DOCUMENTATION_COMMENTS = YES;
				CLANG_WARN_EMPTY_BODY = YES;
				CLANG_WARN_ENUM_CONVERSION = YES;
				CLANG_WARN_INFINITE_RECURSION = YES;
				CLANG_WARN_INT_CONVERSION = YES;
				CLANG_WARN_OBJC_ROOT_CLASS = YES_ERROR;
				CLANG_WARN_SUSPICIOUS_MOVE = YES;
				CLANG_WARN_UNREACHABLE_CODE = YES;
				CLANG_WARN__DUPLICATE_METHOD_MATCH = YES;
				"CODE_SIGN_IDENTITY[sdk=iphoneos*]" = "iPhone Developer";
				COPY_PHASE_STRIP = NO;
				DEBUG_INFORMATION_FORMAT = "dwarf-with-dsym";
				ENABLE_NS_ASSERTIONS = NO;
				ENABLE_STRICT_OBJC_MSGSEND = YES;
				GCC_C_LANGUAGE_STANDARD = gnu99;
				GCC_NO_COMMON_BLOCKS = YES;
				GCC_WARN_64_TO_32_BIT_CONVERSION = YES;
				GCC_WARN_ABOUT_RETURN_TYPE = YES_ERROR;
				GCC_WARN_UNDECLARED_SELECTOR = YES;
				GCC_WARN_UNINITIALIZED_AUTOS = YES_AGGRESSIVE;
				GCC_WARN_UNUSED_FUNCTION = YES;
				GCC_WARN_UNUSED_VARIABLE = YES;
				IPHONEOS_DEPLOYMENT_TARGET = 10.2;
				MTL_ENABLE_DEBUG_INFO = NO;
				SDKROOT = iphoneos;
				SWIFT_OPTIMIZATION_LEVEL = "-Owholemodule";
				TARGETED_DEVICE_FAMILY = "1,2";
				VALIDATE_PRODUCT = YES;
			};
			name = Release;
		};
		4DE41E9F1E725E55004BC5BC /* Debug */ = {
			isa = XCBuildConfiguration;
			buildSettings = {
				ASSETCATALOG_COMPILER_APPICON_NAME = AppIcon;
				INFOPLIST_FILE = "Simple Navigation/Info.plist";
				LD_RUNPATH_SEARCH_PATHS = "$(inherited) @executable_path/Frameworks";
				PRODUCT_BUNDLE_IDENTIFIER = "ccsf.Simple-Navigation";
				PRODUCT_NAME = "$(TARGET_NAME)";
				SWIFT_VERSION = 3.0;
			};
			name = Debug;
		};
		4DE41EA01E725E55004BC5BC /* Release */ = {
			isa = XCBuildConfiguration;
			buildSettings = {
				ASSETCATALOG_COMPILER_APPICON_NAME = AppIcon;
				INFOPLIST_FILE = "Simple Navigation/Info.plist";
				LD_RUNPATH_SEARCH_PATHS = "$(inherited) @executable_path/Frameworks";
				PRODUCT_BUNDLE_IDENTIFIER = "ccsf.Simple-Navigation";
				PRODUCT_NAME = "$(TARGET_NAME)";
				SWIFT_VERSION = 3.0;
			};
			name = Release;
		};
/* End XCBuildConfiguration section */

/* Begin XCConfigurationList section */
		4DE41E871E725E55004BC5BC /* Build configuration list for PBXProject "Simple Navigation" */ = {
			isa = XCConfigurationList;
			buildConfigurations = (
				4DE41E9C1E725E55004BC5BC /* Debug */,
				4DE41E9D1E725E55004BC5BC /* Release */,
			);
			defaultConfigurationIsVisible = 0;
			defaultConfigurationName = Release;
		};
		4DE41E9E1E725E55004BC5BC /* Build configuration list for PBXNativeTarget "Simple Navigation" */ = {
			isa = XCConfigurationList;
			buildConfigurations = (
				4DE41E9F1E725E55004BC5BC /* Debug */,
				4DE41EA01E725E55004BC5BC /* Release */,
			);
			defaultConfigurationIsVisible = 0;
		};
/* End XCConfigurationList section */
	};
	rootObject = 4DE41E841E725E55004BC5BC /* Project object */;
}
